// !$*UTF8*$!
{
	archiveVersion = 1;
	classes = {
	};
	objectVersion = 48;
	objects = {

/* Begin PBXBuildFile section */
		74060BF72125B176009E8090 /* AppDelegate.swift in Sources */ = {isa = PBXBuildFile; fileRef = 74060BF62125B176009E8090 /* AppDelegate.swift */; };
		74060BF92125B176009E8090 /* SingleCardViewController.swift in Sources */ = {isa = PBXBuildFile; fileRef = 74060BF82125B176009E8090 /* SingleCardViewController.swift */; };
		74060BFC2125B176009E8090 /* Main.storyboard in Resources */ = {isa = PBXBuildFile; fileRef = 74060BFA2125B176009E8090 /* Main.storyboard */; };
		74060BFE2125B176009E8090 /* Assets.xcassets in Resources */ = {isa = PBXBuildFile; fileRef = 74060BFD2125B176009E8090 /* Assets.xcassets */; };
		74060C012125B176009E8090 /* LaunchScreen.storyboard in Resources */ = {isa = PBXBuildFile; fileRef = 74060BFF2125B176009E8090 /* LaunchScreen.storyboard */; };
		74060C0A2125C58E009E8090 /* PlayingCard.swift in Sources */ = {isa = PBXBuildFile; fileRef = 74060C092125C58E009E8090 /* PlayingCard.swift */; };
		74060C0C2125CA39009E8090 /* PlayingCardDeck.swift in Sources */ = {isa = PBXBuildFile; fileRef = 74060C0B2125CA39009E8090 /* PlayingCardDeck.swift */; };
		74060C0E2125E798009E8090 /* PlayingCardView.swift in Sources */ = {isa = PBXBuildFile; fileRef = 74060C0D2125E798009E8090 /* PlayingCardView.swift */; };
		7447AA04212FED4A00867B75 /* MultiCardViewController.swift in Sources */ = {isa = PBXBuildFile; fileRef = 7447AA03212FED4A00867B75 /* MultiCardViewController.swift */; };
		7447AA062131D72600867B75 /* CardBehavior.swift in Sources */ = {isa = PBXBuildFile; fileRef = 7447AA052131D72600867B75 /* CardBehavior.swift */; };
/* End PBXBuildFile section */

/* Begin PBXFileReference section */
		74060BF32125B176009E8090 /* PlayingCard.app */ = {isa = PBXFileReference; explicitFileType = wrapper.application; includeInIndex = 0; path = PlayingCard.app; sourceTree = BUILT_PRODUCTS_DIR; };
		74060BF62125B176009E8090 /* AppDelegate.swift */ = {isa = PBXFileReference; lastKnownFileType = sourcecode.swift; path = AppDelegate.swift; sourceTree = "<group>"; };
		74060BF82125B176009E8090 /* SingleCardViewController.swift */ = {isa = PBXFileReference; lastKnownFileType = sourcecode.swift; path = SingleCardViewController.swift; sourceTree = "<group>"; };
		74060BFB2125B176009E8090 /* Base */ = {isa = PBXFileReference; lastKnownFileType = file.storyboard; name = Base; path = Base.lproj/Main.storyboard; sourceTree = "<group>"; };
		74060BFD2125B176009E8090 /* Assets.xcassets */ = {isa = PBXFileReference; lastKnownFileType = folder.assetcatalog; path = Assets.xcassets; sourceTree = "<group>"; };
		74060C002125B176009E8090 /* Base */ = {isa = PBXFileReference; lastKnownFileType = file.storyboard; name = Base; path = Base.lproj/LaunchScreen.storyboard; sourceTree = "<group>"; };
		74060C022125B176009E8090 /* Info.plist */ = {isa = PBXFileReference; lastKnownFileType = text.plist.xml; path = Info.plist; sourceTree = "<group>"; };
		74060C092125C58E009E8090 /* PlayingCard.swift */ = {isa = PBXFileReference; lastKnownFileType = sourcecode.swift; path = PlayingCard.swift; sourceTree = "<group>"; };
		74060C0B2125CA39009E8090 /* PlayingCardDeck.swift */ = {isa = PBXFileReference; lastKnownFileType = sourcecode.swift; path = PlayingCardDeck.swift; sourceTree = "<group>"; };
		74060C0D2125E798009E8090 /* PlayingCardView.swift */ = {isa = PBXFileReference; lastKnownFileType = sourcecode.swift; path = PlayingCardView.swift; sourceTree = "<group>"; };
		7447AA03212FED4A00867B75 /* MultiCardViewController.swift */ = {isa = PBXFileReference; lastKnownFileType = sourcecode.swift; path = MultiCardViewController.swift; sourceTree = "<group>"; };
		7447AA052131D72600867B75 /* CardBehavior.swift */ = {isa = PBXFileReference; lastKnownFileType = sourcecode.swift; path = CardBehavior.swift; sourceTree = "<group>"; };
/* End PBXFileReference section */

/* Begin PBXFrameworksBuildPhase section */
		74060BF02125B176009E8090 /* Frameworks */ = {
			isa = PBXFrameworksBuildPhase;
			buildActionMask = 2147483647;
			files = (
			);
			runOnlyForDeploymentPostprocessing = 0;
		};
/* End PBXFrameworksBuildPhase section */

/* Begin PBXGroup section */
		74060BEA2125B176009E8090 = {
			isa = PBXGroup;
			children = (
				74060BF52125B176009E8090 /* PlayingCard */,
				74060BF42125B176009E8090 /* Products */,
			);
			sourceTree = "<group>";
		};
		74060BF42125B176009E8090 /* Products */ = {
			isa = PBXGroup;
			children = (
				74060BF32125B176009E8090 /* PlayingCard.app */,
			);
			name = Products;
			sourceTree = "<group>";
		};
		74060BF52125B176009E8090 /* PlayingCard */ = {
			isa = PBXGroup;
			children = (
				74060BF82125B176009E8090 /* SingleCardViewController.swift */,
				7447AA03212FED4A00867B75 /* MultiCardViewController.swift */,
				7447AA052131D72600867B75 /* CardBehavior.swift */,
				74060BFA2125B176009E8090 /* Main.storyboard */,
				74060BFD2125B176009E8090 /* Assets.xcassets */,
				74060C082125B1CF009E8090 /* Supporting Files */,
				74060C022125B176009E8090 /* Info.plist */,
				74060C092125C58E009E8090 /* PlayingCard.swift */,
				74060C0D2125E798009E8090 /* PlayingCardView.swift */,
				74060C0B2125CA39009E8090 /* PlayingCardDeck.swift */,
			);
			path = PlayingCard;
			sourceTree = "<group>";
		};
		74060C082125B1CF009E8090 /* Supporting Files */ = {
			isa = PBXGroup;
			children = (
				74060BF62125B176009E8090 /* AppDelegate.swift */,
				74060BFF2125B176009E8090 /* LaunchScreen.storyboard */,
			);
			path = "Supporting Files";
			sourceTree = "<group>";
		};
/* End PBXGroup section */

/* Begin PBXNativeTarget section */
		74060BF22125B176009E8090 /* PlayingCard */ = {
			isa = PBXNativeTarget;
			buildConfigurationList = 74060C052125B176009E8090 /* Build configuration list for PBXNativeTarget "PlayingCard" */;
			buildPhases = (
				74060BEF2125B176009E8090 /* Sources */,
				74060BF02125B176009E8090 /* Frameworks */,
				74060BF12125B176009E8090 /* Resources */,
			);
			buildRules = (
			);
			dependencies = (
			);
			name = PlayingCard;
			productName = PlayingCard;
			productReference = 74060BF32125B176009E8090 /* PlayingCard.app */;
			productType = "com.apple.product-type.application";
		};
/* End PBXNativeTarget section */

/* Begin PBXProject section */
		74060BEB2125B176009E8090 /* Project object */ = {
			isa = PBXProject;
			attributes = {
				LastSwiftUpdateCheck = 0900;
				LastUpgradeCheck = 0900;
				ORGANIZATIONNAME = "Nayan, Neeraj";
				TargetAttributes = {
					74060BF22125B176009E8090 = {
						CreatedOnToolsVersion = 9.0.1;
						ProvisioningStyle = Automatic;
					};
				};
			};
			buildConfigurationList = 74060BEE2125B176009E8090 /* Build configuration list for PBXProject "PlayingCard" */;
			compatibilityVersion = "Xcode 8.0";
			developmentRegion = en;
			hasScannedForEncodings = 0;
			knownRegions = (
				en,
				Base,
			);
			mainGroup = 74060BEA2125B176009E8090;
			productRefGroup = 74060BF42125B176009E8090 /* Products */;
			projectDirPath = "";
			projectRoot = "";
			targets = (
				74060BF22125B176009E8090 /* PlayingCard */,
			);
		};
/* End PBXProject section */

/* Begin PBXResourcesBuildPhase section */
		74060BF12125B176009E8090 /* Resources */ = {
			isa = PBXResourcesBuildPhase;
			buildActionMask = 2147483647;
			files = (
				74060C012125B176009E8090 /* LaunchScreen.storyboard in Resources */,
				74060BFE2125B176009E8090 /* Assets.xcassets in Resources */,
				74060BFC2125B176009E8090 /* Main.storyboard in Resources */,
			);
			runOnlyForDeploymentPostprocessing = 0;
		};
/* End PBXResourcesBuildPhase section */

/* Begin PBXSourcesBuildPhase section */
		74060BEF2125B176009E8090 /* Sources */ = {
			isa = PBXSourcesBuildPhase;
			buildActionMask = 2147483647;
			files = (
				74060BF92125B176009E8090 /* SingleCardViewController.swift in Sources */,
				74060C0C2125CA39009E8090 /* PlayingCardDeck.swift in Sources */,
				74060C0A2125C58E009E8090 /* PlayingCard.swift in Sources */,
				74060C0E2125E798009E8090 /* PlayingCardView.swift in Sources */,
				7447AA04212FED4A00867B75 /* MultiCardViewController.swift in Sources */,
				74060BF72125B176009E8090 /* AppDelegate.swift in Sources */,
				7447AA062131D72600867B75 /* CardBehavior.swift in Sources */,
			);
			runOnlyForDeploymentPostprocessing = 0;
		};
/* End PBXSourcesBuildPhase section */

/* Begin PBXVariantGroup section */
		74060BFA2125B176009E8090 /* Main.storyboard */ = {
			isa = PBXVariantGroup;
			children = (
				74060BFB2125B176009E8090 /* Base */,
			);
			name = Main.storyboard;
			sourceTree = "<group>";
		};
		74060BFF2125B176009E8090 /* LaunchScreen.storyboard */ = {
			isa = PBXVariantGroup;
			children = (
				74060C002125B176009E8090 /* Base */,
			);
			name = LaunchScreen.storyboard;
			sourceTree = "<group>";
		};
/* End PBXVariantGroup section */

/* Begin XCBuildConfiguration section */
		74060C032125B176009E8090 /* Debug */ = {
			isa = XCBuildConfiguration;
			buildSettings = {
				ALWAYS_SEARCH_USER_PATHS = NO;
				CLANG_ANALYZER_NONNULL = YES;
				CLANG_ANALYZER_NUMBER_OBJECT_CONVERSION = YES_AGGRESSIVE;
				CLANG_CXX_LANGUAGE_STANDARD = "gnu++14";
				CLANG_CXX_LIBRARY = "libc++";
				CLANG_ENABLE_MODULES = YES;
				CLANG_ENABLE_OBJC_ARC = YES;
				CLANG_WARN_BLOCK_CAPTURE_AUTORELEASING = YES;
				CLANG_WARN_BOOL_CONVERSION = YES;
				CLANG_WARN_COMMA = YES;
				CLANG_WARN_CONSTANT_CONVERSION = YES;
				CLANG_WARN_DIRECT_OBJC_ISA_USAGE = YES_ERROR;
				CLANG_WARN_DOCUMENTATION_COMMENTS = YES;
				CLANG_WARN_EMPTY_BODY = YES;
				CLANG_WARN_ENUM_CONVERSION = YES;
				CLANG_WARN_INFINITE_RECURSION = YES;
				CLANG_WARN_INT_CONVERSION = YES;
				CLANG_WARN_NON_LITERAL_NULL_CONVERSION = YES;
				CLANG_WARN_OBJC_LITERAL_CONVERSION = YES;
				CLANG_WARN_OBJC_ROOT_CLASS = YES_ERROR;
				CLANG_WARN_RANGE_LOOP_ANALYSIS = YES;
				CLANG_WARN_STRICT_PROTOTYPES = YES;
				CLANG_WARN_SUSPICIOUS_MOVE = YES;
				CLANG_WARN_UNGUARDED_AVAILABILITY = YES_AGGRESSIVE;
				CLANG_WARN_UNREACHABLE_CODE = YES;
				CLANG_WARN__DUPLICATE_METHOD_MATCH = YES;
				CODE_SIGN_IDENTITY = "iPhone Developer";
				COPY_PHASE_STRIP = NO;
				DEBUG_INFORMATION_FORMAT = dwarf;
				ENABLE_STRICT_OBJC_MSGSEND = YES;
				ENABLE_TESTABILITY = YES;
				GCC_C_LANGUAGE_STANDARD = gnu11;
				GCC_DYNAMIC_NO_PIC = NO;
				GCC_NO_COMMON_BLOCKS = YES;
				GCC_OPTIMIZATION_LEVEL = 0;
				GCC_PREPROCESSOR_DEFINITIONS = (
					"DEBUG=1",
					"$(inherited)",
				);
				GCC_WARN_64_TO_32_BIT_CONVERSION = YES;
				GCC_WARN_ABOUT_RETURN_TYPE = YES_ERROR;
				GCC_WARN_UNDECLARED_SELECTOR = YES;
				GCC_WARN_UNINITIALIZED_AUTOS = YES_AGGRESSIVE;
				GCC_WARN_UNUSED_FUNCTION = YES;
				GCC_WARN_UNUSED_VARIABLE = YES;
				IPHONEOS_DEPLOYMENT_TARGET = 11.0;
				MTL_ENABLE_DEBUG_INFO = YES;
				ONLY_ACTIVE_ARCH = YES;
				SDKROOT = iphoneos;
				SWIFT_ACTIVE_COMPILATION_CONDITIONS = DEBUG;
				SWIFT_OPTIMIZATION_LEVEL = "-Onone";
			};
			name = Debug;
		};
		74060C042125B176009E8090 /* Release */ = {
			isa = XCBuildConfiguration;
			buildSettings = {
				ALWAYS_SEARCH_USER_PATHS = NO;
				CLANG_ANALYZER_NONNULL = YES;
				CLANG_ANALYZER_NUMBER_OBJECT_CONVERSION = YES_AGGRESSIVE;
				CLANG_CXX_LANGUAGE_STANDARD = "gnu++14";
				CLANG_CXX_LIBRARY = "libc++";
				CLANG_ENABLE_MODULES = YES;
				CLANG_ENABLE_OBJC_ARC = YES;
				CLANG_WARN_BLOCK_CAPTURE_AUTORELEASING = YES;
				CLANG_WARN_BOOL_CONVERSION = YES;
				CLANG_WARN_COMMA = YES;
				CLANG_WARN_CONSTANT_CONVERSION = YES;
				CLANG_WARN_DIRECT_OBJC_ISA_USAGE = YES_ERROR;
				CLANG_WARN_DOCUMENTATION_COMMENTS = YES;
				CLANG_WARN_EMPTY_BODY = YES;
				CLANG_WARN_ENUM_CONVERSION = YES;
				CLANG_WARN_INFINITE_RECURSION = YES;
				CLANG_WARN_INT_CONVERSION = YES;
				CLANG_WARN_NON_LITERAL_NULL_CONVERSION = YES;
				CLANG_WARN_OBJC_LITERAL_CONVERSION = YES;
				CLANG_WARN_OBJC_ROOT_CLASS = YES_ERROR;
				CLANG_WARN_RANGE_LOOP_ANALYSIS = YES;
				CLANG_WARN_STRICT_PROTOTYPES = YES;
				CLANG_WARN_SUSPICIOUS_MOVE = YES;
				CLANG_WARN_UNGUARDED_AVAILABILITY = YES_AGGRESSIVE;
				CLANG_WARN_UNREACHABLE_CODE = YES;
				CLANG_WARN__DUPLICATE_METHOD_MATCH = YES;
				CODE_SIGN_IDENTITY = "iPhone Developer";
				COPY_PHASE_STRIP = NO;
				DEBUG_INFORMATION_FORMAT = "dwarf-with-dsym";
				ENABLE_NS_ASSERTIONS = NO;
				ENABLE_STRICT_OBJC_MSGSEND = YES;
				GCC_C_LANGUAGE_STANDARD = gnu11;
				GCC_NO_COMMON_BLOCKS = YES;
				GCC_WARN_64_TO_32_BIT_CONVERSION = YES;
				GCC_WARN_ABOUT_RETURN_TYPE = YES_ERROR;
				GCC_WARN_UNDECLARED_SELECTOR = YES;
				GCC_WARN_UNINITIALIZED_AUTOS = YES_AGGRESSIVE;
				GCC_WARN_UNUSED_FUNCTION = YES;
				GCC_WARN_UNUSED_VARIABLE = YES;
				IPHONEOS_DEPLOYMENT_TARGET = 11.0;
				MTL_ENABLE_DEBUG_INFO = NO;
				SDKROOT = iphoneos;
				SWIFT_OPTIMIZATION_LEVEL = "-Owholemodule";
				VALIDATE_PRODUCT = YES;
			};
			name = Release;
		};
		74060C062125B176009E8090 /* Debug */ = {
			isa = XCBuildConfiguration;
			buildSettings = {
				ASSETCATALOG_COMPILER_APPICON_NAME = AppIcon;
				CODE_SIGN_STYLE = Automatic;
				INFOPLIST_FILE = PlayingCard/Info.plist;
				LD_RUNPATH_SEARCH_PATHS = "$(inherited) @executable_path/Frameworks";
				PRODUCT_BUNDLE_IDENTIFIER = com.neeraj.cs193p.PlayingCard;
				PRODUCT_NAME = "$(TARGET_NAME)";
				SWIFT_VERSION = 4.0;
				TARGETED_DEVICE_FAMILY = "1,2";
			};
			name = Debug;
		};
		74060C072125B176009E8090 /* Release */ = {
			isa = XCBuildConfiguration;
			buildSettings = {
				ASSETCATALOG_COMPILER_APPICON_NAME = AppIcon;
				CODE_SIGN_STYLE = Automatic;
				INFOPLIST_FILE = PlayingCard/Info.plist;
				LD_RUNPATH_SEARCH_PATHS = "$(inherited) @executable_path/Frameworks";
				PRODUCT_BUNDLE_IDENTIFIER = com.neeraj.cs193p.PlayingCard;
				PRODUCT_NAME = "$(TARGET_NAME)";
				SWIFT_VERSION = 4.0;
				TARGETED_DEVICE_FAMILY = "1,2";
			};
			name = Release;
		};
/* End XCBuildConfiguration section */

/* Begin XCConfigurationList section */
		74060BEE2125B176009E8090 /* Build configuration list for PBXProject "PlayingCard" */ = {
			isa = XCConfigurationList;
			buildConfigurations = (
				74060C032125B176009E8090 /* Debug */,
				74060C042125B176009E8090 /* Release */,
			);
			defaultConfigurationIsVisible = 0;
			defaultConfigurationName = Release;
		};
		74060C052125B176009E8090 /* Build configuration list for PBXNativeTarget "PlayingCard" */ = {
			isa = XCConfigurationList;
			buildConfigurations = (
				74060C062125B176009E8090 /* Debug */,
				74060C072125B176009E8090 /* Release */,
			);
			defaultConfigurationIsVisible = 0;
			defaultConfigurationName = Release;
		};
/* End XCConfigurationList section */
	};
	rootObject = 74060BEB2125B176009E8090 /* Project object */;
}
